
Microsoft Visual Studio Solution File, Format Version 12.00
# Visual Studio Version 17
VisualStudioVersion = 17.10.35013.160
MinimumVisualStudioVersion = 10.0.40219.1
Project("{FAE04EC0-301F-11D3-BF4B-00C04F79EFBC}") = "DotNet8_WebAPI", "DotNet8_WebAPI\DotNet8_WebAPI.csproj", "{7C5747D2-00CC-44D4-A8C9-9C60B80B9CEE}"
EndProject
Global
	GlobalSection(SolutionConfigurationPlatforms) = preSolution
		Debug|Any CPU = Debug|Any CPU
		Release|Any CPU = Release|Any CPU
	EndGlobalSection
	GlobalSection(ProjectConfigurationPlatforms) = postSolution
		{7C5747D2-00CC-44D4-A8C9-9C60B80B9CEE}.Debug|Any CPU.ActiveCfg = Debug|Any CPU
		{7C5747D2-00CC-44D4-A8C9-9C60B80B9CEE}.Debug|Any CPU.Build.0 = Debug|Any CPU
		{7C5747D2-00CC-44D4-A8C9-9C60B80B9CEE}.Release|Any CPU.ActiveCfg = Release|Any CPU
		{7C5747D2-00CC-44D4-A8C9-9C60B80B9CEE}.Release|Any CPU.Build.0 = Release|Any CPU
	EndGlobalSection
	GlobalSection(SolutionProperties) = preSolution
		HideSolutionNode = FALSE
	EndGlobalSection
	GlobalSection(ExtensibilityGlobals) = postSolution
		SolutionGuid = {CB816DCA-DCCB-4482-92FB-73684AB2848E}
	EndGlobalSection
EndGlobal
